
Microsoft Visual Studio Solution File, Format Version 12.00
# Visual Studio Version 17
VisualStudioVersion = 17.0.31903.59
MinimumVisualStudioVersion = 10.0.40219.1
Project("{FAE04EC0-301F-11D3-BF4B-00C04F79EFBC}") = "DevFreela.API", "DevFreela.API\DevFreela.API.csproj", "{7E6C103E-D8AB-4351-BC25-1B7027FBB625}"
EndProject
Project("{FAE04EC0-301F-11D3-BF4B-00C04F79EFBC}") = "DevFreela.Core", "DevFreela.Core\DevFreela.Core.csproj", "{E8EB84F7-89A6-407B-A73D-9A3E2EFE9206}"
EndProject
Project("{FAE04EC0-301F-11D3-BF4B-00C04F79EFBC}") = "DevFreela.Infrastructure", "DevFreela.Infrastructure\DevFreela.Infrastructure.csproj", "{BC1B3E23-DCDA-4855-9460-5ABD6FB2B154}"
EndProject
Project("{FAE04EC0-301F-11D3-BF4B-00C04F79EFBC}") = "DevFreela.Application", "DevFreela.Application\DevFreela.Application.csproj", "{635D9FC8-ACFF-4921-A973-762FE44ADD01}"
EndProject
Global
	GlobalSection(SolutionConfigurationPlatforms) = preSolution
		Debug|Any CPU = Debug|Any CPU
		Release|Any CPU = Release|Any CPU
	EndGlobalSection
	GlobalSection(SolutionProperties) = preSolution
		HideSolutionNode = FALSE
	EndGlobalSection
	GlobalSection(ProjectConfigurationPlatforms) = postSolution
		{7E6C103E-D8AB-4351-BC25-1B7027FBB625}.Debug|Any CPU.ActiveCfg = Debug|Any CPU
		{7E6C103E-D8AB-4351-BC25-1B7027FBB625}.Debug|Any CPU.Build.0 = Debug|Any CPU
		{7E6C103E-D8AB-4351-BC25-1B7027FBB625}.Release|Any CPU.ActiveCfg = Release|Any CPU
		{7E6C103E-D8AB-4351-BC25-1B7027FBB625}.Release|Any CPU.Build.0 = Release|Any CPU
		{E8EB84F7-89A6-407B-A73D-9A3E2EFE9206}.Debug|Any CPU.ActiveCfg = Debug|Any CPU
		{E8EB84F7-89A6-407B-A73D-9A3E2EFE9206}.Debug|Any CPU.Build.0 = Debug|Any CPU
		{E8EB84F7-89A6-407B-A73D-9A3E2EFE9206}.Release|Any CPU.ActiveCfg = Release|Any CPU
		{E8EB84F7-89A6-407B-A73D-9A3E2EFE9206}.Release|Any CPU.Build.0 = Release|Any CPU
		{BC1B3E23-DCDA-4855-9460-5ABD6FB2B154}.Debug|Any CPU.ActiveCfg = Debug|Any CPU
		{BC1B3E23-DCDA-4855-9460-5ABD6FB2B154}.Debug|Any CPU.Build.0 = Debug|Any CPU
		{BC1B3E23-DCDA-4855-9460-5ABD6FB2B154}.Release|Any CPU.ActiveCfg = Release|Any CPU
		{BC1B3E23-DCDA-4855-9460-5ABD6FB2B154}.Release|Any CPU.Build.0 = Release|Any CPU
		{635D9FC8-ACFF-4921-A973-762FE44ADD01}.Debug|Any CPU.ActiveCfg = Debug|Any CPU
		{635D9FC8-ACFF-4921-A973-762FE44ADD01}.Debug|Any CPU.Build.0 = Debug|Any CPU
		{635D9FC8-ACFF-4921-A973-762FE44ADD01}.Release|Any CPU.ActiveCfg = Release|Any CPU
		{635D9FC8-ACFF-4921-A973-762FE44ADD01}.Release|Any CPU.Build.0 = Release|Any CPU
	EndGlobalSection
EndGlobal
